
Microsoft Visual Studio Solution File, Format Version 12.00
# Visual Studio 14
VisualStudioVersion = 14.0.25420.1
MinimumVisualStudioVersion = 10.0.40219.1
Project("{FAE04EC0-301F-11D3-BF4B-00C04F79EFBC}") = "app_tfe_michel_maxime", "app_tfe_michel_maxime\app_tfe_michel_maxime.csproj", "{30C572EC-DA48-4BAA-9B55-081D008135D5}"
EndProject
Project("{FAE04EC0-301F-11D3-BF4B-00C04F79EFBC}") = "PDSGBD", "PDSGBD\PDSGBD.csproj", "{9B3289F9-8D92-41E3-ABE9-BFCFCAB37266}"
EndProject
Project("{54435603-DBB4-11D2-8724-00A0C9A8B90C}") = "InstallationApplication", "InstallationApplication\InstallationApplication.vdproj", "{99B2C7A4-2508-4D51-A865-661A34E3C55A}"
EndProject
Global
	GlobalSection(SolutionConfigurationPlatforms) = preSolution
		Debug|Any CPU = Debug|Any CPU
		Release|Any CPU = Release|Any CPU
	EndGlobalSection
	GlobalSection(ProjectConfigurationPlatforms) = postSolution
		{30C572EC-DA48-4BAA-9B55-081D008135D5}.Debug|Any CPU.ActiveCfg = Debug|Any CPU
		{30C572EC-DA48-4BAA-9B55-081D008135D5}.Debug|Any CPU.Build.0 = Debug|Any CPU
		{30C572EC-DA48-4BAA-9B55-081D008135D5}.Release|Any CPU.ActiveCfg = Release|Any CPU
		{30C572EC-DA48-4BAA-9B55-081D008135D5}.Release|Any CPU.Build.0 = Release|Any CPU
		{9B3289F9-8D92-41E3-ABE9-BFCFCAB37266}.Debug|Any CPU.ActiveCfg = Debug|Any CPU
		{9B3289F9-8D92-41E3-ABE9-BFCFCAB37266}.Debug|Any CPU.Build.0 = Debug|Any CPU
		{9B3289F9-8D92-41E3-ABE9-BFCFCAB37266}.Release|Any CPU.ActiveCfg = Release|Any CPU
		{9B3289F9-8D92-41E3-ABE9-BFCFCAB37266}.Release|Any CPU.Build.0 = Release|Any CPU
		{99B2C7A4-2508-4D51-A865-661A34E3C55A}.Debug|Any CPU.ActiveCfg = Debug
		{99B2C7A4-2508-4D51-A865-661A34E3C55A}.Release|Any CPU.ActiveCfg = Release
	EndGlobalSection
	GlobalSection(SolutionProperties) = preSolution
		HideSolutionNode = FALSE
	EndGlobalSection
EndGlobal
